
Microsoft Visual Studio Solution File, Format Version 12.00
# Visual Studio Version 17
VisualStudioVersion = 17.14.36429.23
MinimumVisualStudioVersion = 10.0.40219.1
Project("{2150E333-8FDC-42A3-9474-1A3956D46DE8}") = "Task0", "Task0", "{02EA681E-C7D8-13C7-8484-4AC65E1B71E8}"
EndProject
Project("{FAE04EC0-301F-11D3-BF4B-00C04F79EFBC}") = "Tyuiu.GurinchukAV.Sprint0.Task0.V0", "Tyuiu.GurinchukAV.Sprint0.Task0.V0\Tyuiu.GurinchukAV.Sprint0.Task0.V0.csproj", "{0CCFCB6E-CDDA-4A2E-A7A3-4361F5453A1C}"
EndProject
Project("{2150E333-8FDC-42A3-9474-1A3956D46DE8}") = "Task1", "Task1", "{D3093A81-F977-4ABF-A668-FAC21E27B6EA}"
EndProject
Project("{FAE04EC0-301F-11D3-BF4B-00C04F79EFBC}") = "Tyuiu.GurinchukAV.Sprint0.Task1.V0", "Tyuiu.GurinchukAV.Sprint0.Task1.V0\Tyuiu.GurinchukAV.Sprint0.Task1.V0.csproj", "{C0670952-E6D9-4920-A21B-196BADD5199B}"
EndProject
Project("{2150E333-8FDC-42A3-9474-1A3956D46DE8}") = "Task2", "Task2", "{D0A1A7D3-8265-40F3-8966-ACCE9D8F53E7}"
EndProject
Project("{FAE04EC0-301F-11D3-BF4B-00C04F79EFBC}") = "Tyuiu.GurinchukAV.Sprint0.Task2.V0", "Tyuiu.GurinchukAV.Sprint0.Task2.V0\Tyuiu.GurinchukAV.Sprint0.Task2.V0.csproj", "{84BB24A2-15E1-41ED-8490-2BA3CE6205A1}"
EndProject
Project("{FAE04EC0-301F-11D3-BF4B-00C04F79EFBC}") = "Tyuiu.GurinchukAV.Sprint0.Task2.V0.Lib", "Tyuiu.GurinchukAV.Sprint0.Task2.V0.Lib\Tyuiu.GurinchukAV.Sprint0.Task2.V0.Lib.csproj", "{A9DD27D8-85B6-4A4D-99F2-109B40968D78}"
EndProject
Project("{FAE04EC0-301F-11D3-BF4B-00C04F79EFBC}") = "Tyuiu.GurinchukAV.Sprint0.Task2.V0.Test", "Tyuiu.GurinchukAV.Sprint0.Task2.V0.Test\Tyuiu.GurinchukAV.Sprint0.Task2.V0.Test.csproj", "{F7B0F8B5-27D7-4E6F-9C62-49B144992F19}"
EndProject
Project("{2150E333-8FDC-42A3-9474-1A3956D46DE8}") = "Task3", "Task3", "{74EA79E9-4412-453B-A798-BC0574C7D9CD}"
EndProject
Project("{FAE04EC0-301F-11D3-BF4B-00C04F79EFBC}") = "Tyuiu.GurinchukAV.Sprint0.Task3.V0", "Tyuiu.GurinchukAV.Sprint0.Task3.V0\Tyuiu.GurinchukAV.Sprint0.Task3.V0.csproj", "{C602BFC5-76A7-4A76-8BCC-BD5782DAEA80}"
EndProject
Project("{FAE04EC0-301F-11D3-BF4B-00C04F79EFBC}") = "Tyuiu.GurinchukAV.Sprint0.Task3.V0.Lib", "Tyuiu.GurinchukAV.Sprint0.Task3.V0.Lib\Tyuiu.GurinchukAV.Sprint0.Task3.V0.Lib.csproj", "{EC476AB9-3AF6-481F-AE27-E6AB3B45A2CB}"
EndProject
Project("{FAE04EC0-301F-11D3-BF4B-00C04F79EFBC}") = "Tyuiu.GurinchukAV.Sprint0.Task3.V0.Test", "Tyuiu.GurinchukAV.Sprint0.Task3.V0.Test\Tyuiu.GurinchukAV.Sprint0.Task3.V0.Test.csproj", "{A6548FEE-33ED-4478-974F-8020D2F7705F}"
EndProject
Project("{2150E333-8FDC-42A3-9474-1A3956D46DE8}") = "Task4", "Task4", "{278DC004-877C-4E95-82BE-4EC3A81EBCB6}"
EndProject
Project("{FAE04EC0-301F-11D3-BF4B-00C04F79EFBC}") = "Tyuiu.GurinchukAV.Sprint0.Task4.V0", "Tyuiu.GurinchukAV.Sprint0.Task4.V0\Tyuiu.GurinchukAV.Sprint0.Task4.V0.csproj", "{5780F77B-5E13-4D5A-B377-3360D159519A}"
EndProject
Project("{FAE04EC0-301F-11D3-BF4B-00C04F79EFBC}") = "Tyuiu.GurinchukAV.Sprint0.Task4.V0.Lib", "Tyuiu.GurinchukAV.Sprint0.Task4.V0.Lib\Tyuiu.GurinchukAV.Sprint0.Task4.V0.Lib.csproj", "{02C576E1-9C55-4FF8-A2FC-C41B5B913089}"
EndProject
Project("{FAE04EC0-301F-11D3-BF4B-00C04F79EFBC}") = "Tyuiu.GurinchukAV.Sprint0.Task4.V0.Test", "Tyuiu.GurinchukAV.Sprint0.Task4.V0.Test\Tyuiu.GurinchukAV.Sprint0.Task4.V0.Test.csproj", "{642DEFB6-6D8F-40FF-BF9D-5A6A8D982E3B}"
EndProject
Global
	GlobalSection(SolutionConfigurationPlatforms) = preSolution
		Debug|Any CPU = Debug|Any CPU
		Release|Any CPU = Release|Any CPU
	EndGlobalSection
	GlobalSection(ProjectConfigurationPlatforms) = postSolution
		{0CCFCB6E-CDDA-4A2E-A7A3-4361F5453A1C}.Debug|Any CPU.ActiveCfg = Debug|Any CPU
		{0CCFCB6E-CDDA-4A2E-A7A3-4361F5453A1C}.Debug|Any CPU.Build.0 = Debug|Any CPU
		{0CCFCB6E-CDDA-4A2E-A7A3-4361F5453A1C}.Release|Any CPU.ActiveCfg = Release|Any CPU
		{0CCFCB6E-CDDA-4A2E-A7A3-4361F5453A1C}.Release|Any CPU.Build.0 = Release|Any CPU
		{C0670952-E6D9-4920-A21B-196BADD5199B}.Debug|Any CPU.ActiveCfg = Debug|Any CPU
		{C0670952-E6D9-4920-A21B-196BADD5199B}.Debug|Any CPU.Build.0 = Debug|Any CPU
		{C0670952-E6D9-4920-A21B-196BADD5199B}.Release|Any CPU.ActiveCfg = Release|Any CPU
		{C0670952-E6D9-4920-A21B-196BADD5199B}.Release|Any CPU.Build.0 = Release|Any CPU
		{84BB24A2-15E1-41ED-8490-2BA3CE6205A1}.Debug|Any CPU.ActiveCfg = Debug|Any CPU
		{84BB24A2-15E1-41ED-8490-2BA3CE6205A1}.Debug|Any CPU.Build.0 = Debug|Any CPU
		{84BB24A2-15E1-41ED-8490-2BA3CE6205A1}.Release|Any CPU.ActiveCfg = Release|Any CPU
		{84BB24A2-15E1-41ED-8490-2BA3CE6205A1}.Release|Any CPU.Build.0 = Release|Any CPU
		{A9DD27D8-85B6-4A4D-99F2-109B40968D78}.Debug|Any CPU.ActiveCfg = Debug|Any CPU
		{A9DD27D8-85B6-4A4D-99F2-109B40968D78}.Debug|Any CPU.Build.0 = Debug|Any CPU
		{A9DD27D8-85B6-4A4D-99F2-109B40968D78}.Release|Any CPU.ActiveCfg = Release|Any CPU
		{A9DD27D8-85B6-4A4D-99F2-109B40968D78}.Release|Any CPU.Build.0 = Release|Any CPU
		{F7B0F8B5-27D7-4E6F-9C62-49B144992F19}.Debug|Any CPU.ActiveCfg = Debug|Any CPU
		{F7B0F8B5-27D7-4E6F-9C62-49B144992F19}.Debug|Any CPU.Build.0 = Debug|Any CPU
		{F7B0F8B5-27D7-4E6F-9C62-49B144992F19}.Release|Any CPU.ActiveCfg = Release|Any CPU
		{F7B0F8B5-27D7-4E6F-9C62-49B144992F19}.Release|Any CPU.Build.0 = Release|Any CPU
		{C602BFC5-76A7-4A76-8BCC-BD5782DAEA80}.Debug|Any CPU.ActiveCfg = Debug|Any CPU
		{C602BFC5-76A7-4A76-8BCC-BD5782DAEA80}.Debug|Any CPU.Build.0 = Debug|Any CPU
		{C602BFC5-76A7-4A76-8BCC-BD5782DAEA80}.Release|Any CPU.ActiveCfg = Release|Any CPU
		{C602BFC5-76A7-4A76-8BCC-BD5782DAEA80}.Release|Any CPU.Build.0 = Release|Any CPU
		{EC476AB9-3AF6-481F-AE27-E6AB3B45A2CB}.Debug|Any CPU.ActiveCfg = Debug|Any CPU
		{EC476AB9-3AF6-481F-AE27-E6AB3B45A2CB}.Debug|Any CPU.Build.0 = Debug|Any CPU
		{EC476AB9-3AF6-481F-AE27-E6AB3B45A2CB}.Release|Any CPU.ActiveCfg = Release|Any CPU
		{EC476AB9-3AF6-481F-AE27-E6AB3B45A2CB}.Release|Any CPU.Build.0 = Release|Any CPU
		{A6548FEE-33ED-4478-974F-8020D2F7705F}.Debug|Any CPU.ActiveCfg = Debug|Any CPU
		{A6548FEE-33ED-4478-974F-8020D2F7705F}.Debug|Any CPU.Build.0 = Debug|Any CPU
		{A6548FEE-33ED-4478-974F-8020D2F7705F}.Release|Any CPU.ActiveCfg = Release|Any CPU
		{A6548FEE-33ED-4478-974F-8020D2F7705F}.Release|Any CPU.Build.0 = Release|Any CPU
		{5780F77B-5E13-4D5A-B377-3360D159519A}.Debug|Any CPU.ActiveCfg = Debug|Any CPU
		{5780F77B-5E13-4D5A-B377-3360D159519A}.Debug|Any CPU.Build.0 = Debug|Any CPU
		{5780F77B-5E13-4D5A-B377-3360D159519A}.Release|Any CPU.ActiveCfg = Release|Any CPU
		{5780F77B-5E13-4D5A-B377-3360D159519A}.Release|Any CPU.Build.0 = Release|Any CPU
		{02C576E1-9C55-4FF8-A2FC-C41B5B913089}.Debug|Any CPU.ActiveCfg = Debug|Any CPU
		{02C576E1-9C55-4FF8-A2FC-C41B5B913089}.Debug|Any CPU.Build.0 = Debug|Any CPU
		{02C576E1-9C55-4FF8-A2FC-C41B5B913089}.Release|Any CPU.ActiveCfg = Release|Any CPU
		{02C576E1-9C55-4FF8-A2FC-C41B5B913089}.Release|Any CPU.Build.0 = Release|Any CPU
		{642DEFB6-6D8F-40FF-BF9D-5A6A8D982E3B}.Debug|Any CPU.ActiveCfg = Debug|Any CPU
		{642DEFB6-6D8F-40FF-BF9D-5A6A8D982E3B}.Debug|Any CPU.Build.0 = Debug|Any CPU
		{642DEFB6-6D8F-40FF-BF9D-5A6A8D982E3B}.Release|Any CPU.ActiveCfg = Release|Any CPU
		{642DEFB6-6D8F-40FF-BF9D-5A6A8D982E3B}.Release|Any CPU.Build.0 = Release|Any CPU
	EndGlobalSection
	GlobalSection(SolutionProperties) = preSolution
		HideSolutionNode = FALSE
	EndGlobalSection
	GlobalSection(NestedProjects) = preSolution
		{0CCFCB6E-CDDA-4A2E-A7A3-4361F5453A1C} = {02EA681E-C7D8-13C7-8484-4AC65E1B71E8}
		{C0670952-E6D9-4920-A21B-196BADD5199B} = {D3093A81-F977-4ABF-A668-FAC21E27B6EA}
		{84BB24A2-15E1-41ED-8490-2BA3CE6205A1} = {D0A1A7D3-8265-40F3-8966-ACCE9D8F53E7}
		{A9DD27D8-85B6-4A4D-99F2-109B40968D78} = {D0A1A7D3-8265-40F3-8966-ACCE9D8F53E7}
		{F7B0F8B5-27D7-4E6F-9C62-49B144992F19} = {D0A1A7D3-8265-40F3-8966-ACCE9D8F53E7}
		{C602BFC5-76A7-4A76-8BCC-BD5782DAEA80} = {74EA79E9-4412-453B-A798-BC0574C7D9CD}
		{EC476AB9-3AF6-481F-AE27-E6AB3B45A2CB} = {74EA79E9-4412-453B-A798-BC0574C7D9CD}
		{A6548FEE-33ED-4478-974F-8020D2F7705F} = {74EA79E9-4412-453B-A798-BC0574C7D9CD}
		{5780F77B-5E13-4D5A-B377-3360D159519A} = {278DC004-877C-4E95-82BE-4EC3A81EBCB6}
		{02C576E1-9C55-4FF8-A2FC-C41B5B913089} = {278DC004-877C-4E95-82BE-4EC3A81EBCB6}
		{642DEFB6-6D8F-40FF-BF9D-5A6A8D982E3B} = {278DC004-877C-4E95-82BE-4EC3A81EBCB6}
	EndGlobalSection
	GlobalSection(ExtensibilityGlobals) = postSolution
		SolutionGuid = {3F275EFD-1FF2-4F4E-9D0E-797CE0E12332}
	EndGlobalSection
EndGlobal
